
Microsoft Visual Studio Solution File, Format Version 12.00
# Visual Studio Version 17
VisualStudioVersion = 17.2.32519.379
MinimumVisualStudioVersion = 10.0.40219.1
Project("{FAE04EC0-301F-11D3-BF4B-00C04F79EFBC}") = "20206121_4_2", "20206121_4_2\20206121_4_2.csproj", "{ACFAA57A-1780-4DE4-A7C4-7DCBE3DD87CB}"
EndProject
Global
	GlobalSection(SolutionConfigurationPlatforms) = preSolution
		Debug|Any CPU = Debug|Any CPU
		Release|Any CPU = Release|Any CPU
	EndGlobalSection
	GlobalSection(ProjectConfigurationPlatforms) = postSolution
		{ACFAA57A-1780-4DE4-A7C4-7DCBE3DD87CB}.Debug|Any CPU.ActiveCfg = Debug|Any CPU
		{ACFAA57A-1780-4DE4-A7C4-7DCBE3DD87CB}.Debug|Any CPU.Build.0 = Debug|Any CPU
		{ACFAA57A-1780-4DE4-A7C4-7DCBE3DD87CB}.Release|Any CPU.ActiveCfg = Release|Any CPU
		{ACFAA57A-1780-4DE4-A7C4-7DCBE3DD87CB}.Release|Any CPU.Build.0 = Release|Any CPU
	EndGlobalSection
	GlobalSection(SolutionProperties) = preSolution
		HideSolutionNode = FALSE
	EndGlobalSection
	GlobalSection(ExtensibilityGlobals) = postSolution
		SolutionGuid = {B9662602-051B-4A1E-9E9B-718892542899}
	EndGlobalSection
EndGlobal
